// !$*UTF8*$!
{
	archiveVersion = 1;
	classes = {
	};
	objectVersion = 46;
	objects = {

/* Begin PBXBuildFile section */
		ED2B925E1BF72FC200375BCC /* AppDelegate.swift in Sources */ = {isa = PBXBuildFile; fileRef = ED2B925D1BF72FC200375BCC /* AppDelegate.swift */; };
		ED2B92631BF72FC200375BCC /* Main.storyboard in Resources */ = {isa = PBXBuildFile; fileRef = ED2B92611BF72FC200375BCC /* Main.storyboard */; };
		ED2B92651BF72FC200375BCC /* Assets.xcassets in Resources */ = {isa = PBXBuildFile; fileRef = ED2B92641BF72FC200375BCC /* Assets.xcassets */; };
		ED2B92701BF75F8C00375BCC /* HomeViewController.swift in Sources */ = {isa = PBXBuildFile; fileRef = ED2B926F1BF75F8C00375BCC /* HomeViewController.swift */; };
		ED2B92721BF7609100375BCC /* HairViewController.swift in Sources */ = {isa = PBXBuildFile; fileRef = ED2B92711BF7609100375BCC /* HairViewController.swift */; };
		ED2B92771BF76B9F00375BCC /* Montserrat-Bold.ttf in Resources */ = {isa = PBXBuildFile; fileRef = ED2B92731BF76B9F00375BCC /* Montserrat-Bold.ttf */; };
		ED2B92781BF76B9F00375BCC /* Montserrat-Regular.ttf in Resources */ = {isa = PBXBuildFile; fileRef = ED2B92741BF76B9F00375BCC /* Montserrat-Regular.ttf */; };
		ED2B92791BF76B9F00375BCC /* OldStandard-Bold.ttf in Resources */ = {isa = PBXBuildFile; fileRef = ED2B92751BF76B9F00375BCC /* OldStandard-Bold.ttf */; };
		ED2B927A1BF76BA000375BCC /* OldStandard-Regular.ttf in Resources */ = {isa = PBXBuildFile; fileRef = ED2B92761BF76B9F00375BCC /* OldStandard-Regular.ttf */; };
		ED2B927C1BF7779200375BCC /* noHair.png in Resources */ = {isa = PBXBuildFile; fileRef = ED2B927B1BF7779200375BCC /* noHair.png */; };
		ED2B927E1BF7846000375BCC /* GameScene.swift in Sources */ = {isa = PBXBuildFile; fileRef = ED2B927D1BF7846000375BCC /* GameScene.swift */; };
		ED2B92801BF78B8D00375BCC /* HairNode.swift in Sources */ = {isa = PBXBuildFile; fileRef = ED2B927F1BF78B8D00375BCC /* HairNode.swift */; };
		ED2B92821BF7935600375BCC /* crazyHair.png in Resources */ = {isa = PBXBuildFile; fileRef = ED2B92811BF7935600375BCC /* crazyHair.png */; };
		ED2B92841BF79DC000375BCC /* hairHole.png in Resources */ = {isa = PBXBuildFile; fileRef = ED2B92831BF79DC000375BCC /* hairHole.png */; };
		ED2B92861BF7C1B500375BCC /* launchScreen.storyboard in Resources */ = {isa = PBXBuildFile; fileRef = ED2B92851BF7C1B500375BCC /* launchScreen.storyboard */; };
		ED2B92881BF7CBF000375BCC /* crazyHair.png in Resources */ = {isa = PBXBuildFile; fileRef = ED2B92871BF7CBF000375BCC /* crazyHair.png */; };
		ED2B928A1BF7CF5100375BCC /* reallyTinyHair.png in Resources */ = {isa = PBXBuildFile; fileRef = ED2B92891BF7CF5100375BCC /* reallyTinyHair.png */; };
		ED2B928C1BF7E93300375BCC /* launchScreen.png in Resources */ = {isa = PBXBuildFile; fileRef = ED2B928B1BF7E93300375BCC /* launchScreen.png */; };
		ED2B928E1BF7ED4100375BCC /* partyintheusa.mp3 in Resources */ = {isa = PBXBuildFile; fileRef = ED2B928D1BF7ED4100375BCC /* partyintheusa.mp3 */; };
		ED2B92901BF815F700375BCC /* wearethechampions.mp3 in Resources */ = {isa = PBXBuildFile; fileRef = ED2B928F1BF815F700375BCC /* wearethechampions.mp3 */; };
		ED2B92971BF8223700375BCC /* Fireworks.sks in Resources */ = {isa = PBXBuildFile; fileRef = ED2B92951BF8223700375BCC /* Fireworks.sks */; };
		ED2B92981BF8223700375BCC /* spark.png in Resources */ = {isa = PBXBuildFile; fileRef = ED2B92961BF8223700375BCC /* spark.png */; };
		ED2B929A1BF82B4600375BCC /* fireworks.mp3 in Resources */ = {isa = PBXBuildFile; fileRef = ED2B92991BF82B4600375BCC /* fireworks.mp3 */; };
/* End PBXBuildFile section */

/* Begin PBXFileReference section */
		ED2B925A1BF72FC200375BCC /* Trump.app */ = {isa = PBXFileReference; explicitFileType = wrapper.application; includeInIndex = 0; path = Trump.app; sourceTree = BUILT_PRODUCTS_DIR; };
		ED2B925D1BF72FC200375BCC /* AppDelegate.swift */ = {isa = PBXFileReference; lastKnownFileType = sourcecode.swift; path = AppDelegate.swift; sourceTree = "<group>"; };
		ED2B92621BF72FC200375BCC /* Base */ = {isa = PBXFileReference; lastKnownFileType = file.storyboard; name = Base; path = Base.lproj/Main.storyboard; sourceTree = "<group>"; };
		ED2B92641BF72FC200375BCC /* Assets.xcassets */ = {isa = PBXFileReference; lastKnownFileType = folder.assetcatalog; path = Assets.xcassets; sourceTree = "<group>"; };
		ED2B92691BF72FC200375BCC /* Info.plist */ = {isa = PBXFileReference; lastKnownFileType = text.plist.xml; path = Info.plist; sourceTree = "<group>"; };
		ED2B926F1BF75F8C00375BCC /* HomeViewController.swift */ = {isa = PBXFileReference; fileEncoding = 4; lastKnownFileType = sourcecode.swift; path = HomeViewController.swift; sourceTree = "<group>"; };
		ED2B92711BF7609100375BCC /* HairViewController.swift */ = {isa = PBXFileReference; fileEncoding = 4; lastKnownFileType = sourcecode.swift; path = HairViewController.swift; sourceTree = "<group>"; };
		ED2B92731BF76B9F00375BCC /* Montserrat-Bold.ttf */ = {isa = PBXFileReference; lastKnownFileType = file; name = "Montserrat-Bold.ttf"; path = "Trump/Fonts/Montserrat-Bold.ttf"; sourceTree = "<group>"; };
		ED2B92741BF76B9F00375BCC /* Montserrat-Regular.ttf */ = {isa = PBXFileReference; lastKnownFileType = file; name = "Montserrat-Regular.ttf"; path = "Trump/Fonts/Montserrat-Regular.ttf"; sourceTree = "<group>"; };
		ED2B92751BF76B9F00375BCC /* OldStandard-Bold.ttf */ = {isa = PBXFileReference; lastKnownFileType = file; name = "OldStandard-Bold.ttf"; path = "Trump/Fonts/OldStandard-Bold.ttf"; sourceTree = "<group>"; };
		ED2B92761BF76B9F00375BCC /* OldStandard-Regular.ttf */ = {isa = PBXFileReference; lastKnownFileType = file; name = "OldStandard-Regular.ttf"; path = "Trump/Fonts/OldStandard-Regular.ttf"; sourceTree = "<group>"; };
		ED2B927B1BF7779200375BCC /* noHair.png */ = {isa = PBXFileReference; lastKnownFileType = image.png; name = noHair.png; path = Assets.xcassets/noHair.png; sourceTree = "<group>"; };
		ED2B927D1BF7846000375BCC /* GameScene.swift */ = {isa = PBXFileReference; fileEncoding = 4; lastKnownFileType = sourcecode.swift; path = GameScene.swift; sourceTree = "<group>"; };
		ED2B927F1BF78B8D00375BCC /* HairNode.swift */ = {isa = PBXFileReference; fileEncoding = 4; lastKnownFileType = sourcecode.swift; path = HairNode.swift; sourceTree = "<group>"; };
		ED2B92811BF7935600375BCC /* crazyHair.png */ = {isa = PBXFileReference; lastKnownFileType = image.png; name = crazyHair.png; path = Assets.xcassets/crazyHair.png; sourceTree = "<group>"; };
		ED2B92831BF79DC000375BCC /* hairHole.png */ = {isa = PBXFileReference; lastKnownFileType = image.png; name = hairHole.png; path = Assets.xcassets/hairHole.png; sourceTree = "<group>"; };
		ED2B92851BF7C1B500375BCC /* launchScreen.storyboard */ = {isa = PBXFileReference; fileEncoding = 4; lastKnownFileType = file.storyboard; path = launchScreen.storyboard; sourceTree = "<group>"; };
		ED2B92871BF7CBF000375BCC /* crazyHair.png */ = {isa = PBXFileReference; lastKnownFileType = image.png; name = crazyHair.png; path = Assets.xcassets/craziestHair.imageset/crazyHair.png; sourceTree = "<group>"; };
		ED2B92891BF7CF5100375BCC /* reallyTinyHair.png */ = {isa = PBXFileReference; lastKnownFileType = image.png; name = reallyTinyHair.png; path = Assets.xcassets/reallyTinyHair.png; sourceTree = "<group>"; };
		ED2B928B1BF7E93300375BCC /* launchScreen.png */ = {isa = PBXFileReference; lastKnownFileType = image.png; name = launchScreen.png; path = Assets.xcassets/launchScreen.png; sourceTree = "<group>"; };
		ED2B928D1BF7ED4100375BCC /* partyintheusa.mp3 */ = {isa = PBXFileReference; lastKnownFileType = audio.mp3; name = partyintheusa.mp3; path = Assets.xcassets/partyintheusa.mp3; sourceTree = "<group>"; };
		ED2B928F1BF815F700375BCC /* wearethechampions.mp3 */ = {isa = PBXFileReference; lastKnownFileType = audio.mp3; name = wearethechampions.mp3; path = Assets.xcassets/wearethechampions.mp3; sourceTree = "<group>"; };
		ED2B92951BF8223700375BCC /* Fireworks.sks */ = {isa = PBXFileReference; lastKnownFileType = file.sks; path = Fireworks.sks; sourceTree = "<group>"; };
		ED2B92961BF8223700375BCC /* spark.png */ = {isa = PBXFileReference; lastKnownFileType = image.png; path = spark.png; sourceTree = "<group>"; };
		ED2B92991BF82B4600375BCC /* fireworks.mp3 */ = {isa = PBXFileReference; lastKnownFileType = audio.mp3; name = fireworks.mp3; path = ../../../../../Downloads/fireworks.mp3; sourceTree = "<group>"; };
/* End PBXFileReference section */

/* Begin PBXFrameworksBuildPhase section */
		ED2B92571BF72FC200375BCC /* Frameworks */ = {
			isa = PBXFrameworksBuildPhase;
			buildActionMask = 2147483647;
			files = (
			);
			runOnlyForDeploymentPostprocessing = 0;
		};
/* End PBXFrameworksBuildPhase section */

/* Begin PBXGroup section */
		ED2B92511BF72FC200375BCC = {
			isa = PBXGroup;
			children = (
				ED2B92731BF76B9F00375BCC /* Montserrat-Bold.ttf */,
				ED2B92741BF76B9F00375BCC /* Montserrat-Regular.ttf */,
				ED2B92751BF76B9F00375BCC /* OldStandard-Bold.ttf */,
				ED2B92761BF76B9F00375BCC /* OldStandard-Regular.ttf */,
				ED2B925C1BF72FC200375BCC /* Trump */,
				ED2B925B1BF72FC200375BCC /* Products */,
			);
			sourceTree = "<group>";
		};
		ED2B925B1BF72FC200375BCC /* Products */ = {
			isa = PBXGroup;
			children = (
				ED2B925A1BF72FC200375BCC /* Trump.app */,
			);
			name = Products;
			sourceTree = "<group>";
		};
		ED2B925C1BF72FC200375BCC /* Trump */ = {
			isa = PBXGroup;
			children = (
				ED2B925D1BF72FC200375BCC /* AppDelegate.swift */,
				ED2B92711BF7609100375BCC /* HairViewController.swift */,
				ED2B927D1BF7846000375BCC /* GameScene.swift */,
				ED2B92951BF8223700375BCC /* Fireworks.sks */,
				ED2B92961BF8223700375BCC /* spark.png */,
				ED2B927F1BF78B8D00375BCC /* HairNode.swift */,
				ED2B926F1BF75F8C00375BCC /* HomeViewController.swift */,
				ED2B92611BF72FC200375BCC /* Main.storyboard */,
				ED2B92851BF7C1B500375BCC /* launchScreen.storyboard */,
				ED2B92641BF72FC200375BCC /* Assets.xcassets */,
				ED2B92991BF82B4600375BCC /* fireworks.mp3 */,
				ED2B928F1BF815F700375BCC /* wearethechampions.mp3 */,
				ED2B928D1BF7ED4100375BCC /* partyintheusa.mp3 */,
				ED2B928B1BF7E93300375BCC /* launchScreen.png */,
				ED2B92891BF7CF5100375BCC /* reallyTinyHair.png */,
				ED2B92871BF7CBF000375BCC /* crazyHair.png */,
				ED2B92831BF79DC000375BCC /* hairHole.png */,
				ED2B92811BF7935600375BCC /* crazyHair.png */,
				ED2B927B1BF7779200375BCC /* noHair.png */,
				ED2B92691BF72FC200375BCC /* Info.plist */,
			);
			path = Trump;
			sourceTree = "<group>";
		};
/* End PBXGroup section */

/* Begin PBXNativeTarget section */
		ED2B92591BF72FC200375BCC /* Trump */ = {
			isa = PBXNativeTarget;
			buildConfigurationList = ED2B926C1BF72FC200375BCC /* Build configuration list for PBXNativeTarget "Trump" */;
			buildPhases = (
				ED2B92561BF72FC200375BCC /* Sources */,
				ED2B92571BF72FC200375BCC /* Frameworks */,
				ED2B92581BF72FC200375BCC /* Resources */,
			);
			buildRules = (
			);
			dependencies = (
			);
			name = Trump;
			productName = Trump;
			productReference = ED2B925A1BF72FC200375BCC /* Trump.app */;
			productType = "com.apple.product-type.application";
		};
/* End PBXNativeTarget section */

/* Begin PBXProject section */
		ED2B92521BF72FC200375BCC /* Project object */ = {
			isa = PBXProject;
			attributes = {
				LastSwiftUpdateCheck = 0710;
				LastUpgradeCheck = 0710;
				ORGANIZATIONNAME = colehudson;
				TargetAttributes = {
					ED2B92591BF72FC200375BCC = {
						CreatedOnToolsVersion = 7.1.1;
						DevelopmentTeam = NTEK7EDABY;
					};
				};
			};
			buildConfigurationList = ED2B92551BF72FC200375BCC /* Build configuration list for PBXProject "Trump" */;
			compatibilityVersion = "Xcode 3.2";
			developmentRegion = English;
			hasScannedForEncodings = 0;
			knownRegions = (
				en,
				Base,
			);
			mainGroup = ED2B92511BF72FC200375BCC;
			productRefGroup = ED2B925B1BF72FC200375BCC /* Products */;
			projectDirPath = "";
			projectRoot = "";
			targets = (
				ED2B92591BF72FC200375BCC /* Trump */,
			);
		};
/* End PBXProject section */

/* Begin PBXResourcesBuildPhase section */
		ED2B92581BF72FC200375BCC /* Resources */ = {
			isa = PBXResourcesBuildPhase;
			buildActionMask = 2147483647;
			files = (
				ED2B92841BF79DC000375BCC /* hairHole.png in Resources */,
				ED2B92771BF76B9F00375BCC /* Montserrat-Bold.ttf in Resources */,
				ED2B928E1BF7ED4100375BCC /* partyintheusa.mp3 in Resources */,
				ED2B92881BF7CBF000375BCC /* crazyHair.png in Resources */,
				ED2B92781BF76B9F00375BCC /* Montserrat-Regular.ttf in Resources */,
				ED2B92791BF76B9F00375BCC /* OldStandard-Bold.ttf in Resources */,
				ED2B927C1BF7779200375BCC /* noHair.png in Resources */,
				ED2B928A1BF7CF5100375BCC /* reallyTinyHair.png in Resources */,
				ED2B92971BF8223700375BCC /* Fireworks.sks in Resources */,
				ED2B92861BF7C1B500375BCC /* launchScreen.storyboard in Resources */,
				ED2B928C1BF7E93300375BCC /* launchScreen.png in Resources */,
				ED2B927A1BF76BA000375BCC /* OldStandard-Regular.ttf in Resources */,
				ED2B92901BF815F700375BCC /* wearethechampions.mp3 in Resources */,
				ED2B929A1BF82B4600375BCC /* fireworks.mp3 in Resources */,
				ED2B92821BF7935600375BCC /* crazyHair.png in Resources */,
				ED2B92651BF72FC200375BCC /* Assets.xcassets in Resources */,
				ED2B92631BF72FC200375BCC /* Main.storyboard in Resources */,
				ED2B92981BF8223700375BCC /* spark.png in Resources */,
			);
			runOnlyForDeploymentPostprocessing = 0;
		};
/* End PBXResourcesBuildPhase section */

/* Begin PBXSourcesBuildPhase section */
		ED2B92561BF72FC200375BCC /* Sources */ = {
			isa = PBXSourcesBuildPhase;
			buildActionMask = 2147483647;
			files = (
				ED2B925E1BF72FC200375BCC /* AppDelegate.swift in Sources */,
				ED2B92801BF78B8D00375BCC /* HairNode.swift in Sources */,
				ED2B92701BF75F8C00375BCC /* HomeViewController.swift in Sources */,
				ED2B927E1BF7846000375BCC /* GameScene.swift in Sources */,
				ED2B92721BF7609100375BCC /* HairViewController.swift in Sources */,
			);
			runOnlyForDeploymentPostprocessing = 0;
		};
/* End PBXSourcesBuildPhase section */

/* Begin PBXVariantGroup section */
		ED2B92611BF72FC200375BCC /* Main.storyboard */ = {
			isa = PBXVariantGroup;
			children = (
				ED2B92621BF72FC200375BCC /* Base */,
			);
			name = Main.storyboard;
			sourceTree = "<group>";
		};
/* End PBXVariantGroup section */

/* Begin XCBuildConfiguration section */
		ED2B926A1BF72FC200375BCC /* Debug */ = {
			isa = XCBuildConfiguration;
			buildSettings = {
				ALWAYS_SEARCH_USER_PATHS = NO;
				CLANG_CXX_LANGUAGE_STANDARD = "gnu++0x";
				CLANG_CXX_LIBRARY = "libc++";
				CLANG_ENABLE_MODULES = YES;
				CLANG_ENABLE_OBJC_ARC = YES;
				CLANG_WARN_BOOL_CONVERSION = YES;
				CLANG_WARN_CONSTANT_CONVERSION = YES;
				CLANG_WARN_DIRECT_OBJC_ISA_USAGE = YES_ERROR;
				CLANG_WARN_EMPTY_BODY = YES;
				CLANG_WARN_ENUM_CONVERSION = YES;
				CLANG_WARN_INT_CONVERSION = YES;
				CLANG_WARN_OBJC_ROOT_CLASS = YES_ERROR;
				CLANG_WARN_UNREACHABLE_CODE = YES;
				CLANG_WARN__DUPLICATE_METHOD_MATCH = YES;
				"CODE_SIGN_IDENTITY[sdk=iphoneos*]" = "iPhone Developer";
				COPY_PHASE_STRIP = NO;
				DEBUG_INFORMATION_FORMAT = dwarf;
				ENABLE_STRICT_OBJC_MSGSEND = YES;
				ENABLE_TESTABILITY = YES;
				GCC_C_LANGUAGE_STANDARD = gnu99;
				GCC_DYNAMIC_NO_PIC = NO;
				GCC_NO_COMMON_BLOCKS = YES;
				GCC_OPTIMIZATION_LEVEL = 0;
				GCC_PREPROCESSOR_DEFINITIONS = (
					"DEBUG=1",
					"$(inherited)",
				);
				GCC_WARN_64_TO_32_BIT_CONVERSION = YES;
				GCC_WARN_ABOUT_RETURN_TYPE = YES_ERROR;
				GCC_WARN_UNDECLARED_SELECTOR = YES;
				GCC_WARN_UNINITIALIZED_AUTOS = YES_AGGRESSIVE;
				GCC_WARN_UNUSED_FUNCTION = YES;
				GCC_WARN_UNUSED_VARIABLE = YES;
				IPHONEOS_DEPLOYMENT_TARGET = 9.1;
				MTL_ENABLE_DEBUG_INFO = YES;
				ONLY_ACTIVE_ARCH = YES;
				SDKROOT = iphoneos;
				SWIFT_OPTIMIZATION_LEVEL = "-Onone";
				TARGETED_DEVICE_FAMILY = "1,2";
			};
			name = Debug;
		};
		ED2B926B1BF72FC200375BCC /* Release */ = {
			isa = XCBuildConfiguration;
			buildSettings = {
				ALWAYS_SEARCH_USER_PATHS = NO;
				CLANG_CXX_LANGUAGE_STANDARD = "gnu++0x";
				CLANG_CXX_LIBRARY = "libc++";
				CLANG_ENABLE_MODULES = YES;
				CLANG_ENABLE_OBJC_ARC = YES;
				CLANG_WARN_BOOL_CONVERSION = YES;
				CLANG_WARN_CONSTANT_CONVERSION = YES;
				CLANG_WARN_DIRECT_OBJC_ISA_USAGE = YES_ERROR;
				CLANG_WARN_EMPTY_BODY = YES;
				CLANG_WARN_ENUM_CONVERSION = YES;
				CLANG_WARN_INT_CONVERSION = YES;
				CLANG_WARN_OBJC_ROOT_CLASS = YES_ERROR;
				CLANG_WARN_UNREACHABLE_CODE = YES;
				CLANG_WARN__DUPLICATE_METHOD_MATCH = YES;
				"CODE_SIGN_IDENTITY[sdk=iphoneos*]" = "iPhone Developer";
				COPY_PHASE_STRIP = NO;
				DEBUG_INFORMATION_FORMAT = "dwarf-with-dsym";
				ENABLE_NS_ASSERTIONS = NO;
				ENABLE_STRICT_OBJC_MSGSEND = YES;
				GCC_C_LANGUAGE_STANDARD = gnu99;
				GCC_NO_COMMON_BLOCKS = YES;
				GCC_WARN_64_TO_32_BIT_CONVERSION = YES;
				GCC_WARN_ABOUT_RETURN_TYPE = YES_ERROR;
				GCC_WARN_UNDECLARED_SELECTOR = YES;
				GCC_WARN_UNINITIALIZED_AUTOS = YES_AGGRESSIVE;
				GCC_WARN_UNUSED_FUNCTION = YES;
				GCC_WARN_UNUSED_VARIABLE = YES;
				IPHONEOS_DEPLOYMENT_TARGET = 9.1;
				MTL_ENABLE_DEBUG_INFO = NO;
				SDKROOT = iphoneos;
				TARGETED_DEVICE_FAMILY = "1,2";
				VALIDATE_PRODUCT = YES;
			};
			name = Release;
		};
		ED2B926D1BF72FC200375BCC /* Debug */ = {
			isa = XCBuildConfiguration;
			buildSettings = {
				ASSETCATALOG_COMPILER_APPICON_NAME = AppIcon;
				CODE_SIGN_IDENTITY = "iPhone Developer";
				"CODE_SIGN_IDENTITY[sdk=iphoneos*]" = "iPhone Developer";
				INFOPLIST_FILE = Trump/Info.plist;
				IPHONEOS_DEPLOYMENT_TARGET = 8.0;
				LD_RUNPATH_SEARCH_PATHS = "$(inherited) @executable_path/Frameworks";
				PRODUCT_BUNDLE_IDENTIFIER = com.colehudson.Trump;
				PRODUCT_NAME = "$(TARGET_NAME)";
				PROVISIONING_PROFILE = "";
			};
			name = Debug;
		};
		ED2B926E1BF72FC200375BCC /* Release */ = {
			isa = XCBuildConfiguration;
			buildSettings = {
				ASSETCATALOG_COMPILER_APPICON_NAME = AppIcon;
				CODE_SIGN_IDENTITY = "iPhone Developer";
				"CODE_SIGN_IDENTITY[sdk=iphoneos*]" = "iPhone Developer";
				INFOPLIST_FILE = Trump/Info.plist;
				IPHONEOS_DEPLOYMENT_TARGET = 8.0;
				LD_RUNPATH_SEARCH_PATHS = "$(inherited) @executable_path/Frameworks";
				PRODUCT_BUNDLE_IDENTIFIER = com.colehudson.Trump;
				PRODUCT_NAME = "$(TARGET_NAME)";
				PROVISIONING_PROFILE = "";
			};
			name = Release;
		};
/* End XCBuildConfiguration section */

/* Begin XCConfigurationList section */
		ED2B92551BF72FC200375BCC /* Build configuration list for PBXProject "Trump" */ = {
			isa = XCConfigurationList;
			buildConfigurations = (
				ED2B926A1BF72FC200375BCC /* Debug */,
				ED2B926B1BF72FC200375BCC /* Release */,
			);
			defaultConfigurationIsVisible = 0;
			defaultConfigurationName = Release;
		};
		ED2B926C1BF72FC200375BCC /* Build configuration list for PBXNativeTarget "Trump" */ = {
			isa = XCConfigurationList;
			buildConfigurations = (
				ED2B926D1BF72FC200375BCC /* Debug */,
				ED2B926E1BF72FC200375BCC /* Release */,
			);
			defaultConfigurationIsVisible = 0;
		};
/* End XCConfigurationList section */
	};
	rootObject = ED2B92521BF72FC200375BCC /* Project object */;
}
