// !$*UTF8*$!
{
	archiveVersion = 1;
	classes = {
	};
	objectVersion = 46;
	objects = {

/* Begin PBXBuildFile section */
		ED2B925E1BF72FC200375BCC /* AppDelegate.swift in Sources */ = {isa = PBXBuildFile; fileRef = ED2B925D1BF72FC200375BCC /* AppDelegate.swift */; };
		ED2B92601BF72FC200375BCC /* ViewController.swift in Sources */ = {isa = PBXBuildFile; fileRef = ED2B925F1BF72FC200375BCC /* ViewController.swift */; };
		ED2B92631BF72FC200375BCC /* Main.storyboard in Resources */ = {isa = PBXBuildFile; fileRef = ED2B92611BF72FC200375BCC /* Main.storyboard */; };
		ED2B92651BF72FC200375BCC /* Assets.xcassets in Resources */ = {isa = PBXBuildFile; fileRef = ED2B92641BF72FC200375BCC /* Assets.xcassets */; };
		ED2B92681BF72FC200375BCC /* LaunchScreen.storyboard in Resources */ = {isa = PBXBuildFile; fileRef = ED2B92661BF72FC200375BCC /* LaunchScreen.storyboard */; };
/* End PBXBuildFile section */

/* Begin PBXFileReference section */
		ED2B925A1BF72FC200375BCC /* Trump.app */ = {isa = PBXFileReference; explicitFileType = wrapper.application; includeInIndex = 0; path = Trump.app; sourceTree = BUILT_PRODUCTS_DIR; };
		ED2B925D1BF72FC200375BCC /* AppDelegate.swift */ = {isa = PBXFileReference; lastKnownFileType = sourcecode.swift; path = AppDelegate.swift; sourceTree = "<group>"; };
		ED2B925F1BF72FC200375BCC /* ViewController.swift */ = {isa = PBXFileReference; lastKnownFileType = sourcecode.swift; path = ViewController.swift; sourceTree = "<group>"; };
		ED2B92621BF72FC200375BCC /* Base */ = {isa = PBXFileReference; lastKnownFileType = file.storyboard; name = Base; path = Base.lproj/Main.storyboard; sourceTree = "<group>"; };
		ED2B92641BF72FC200375BCC /* Assets.xcassets */ = {isa = PBXFileReference; lastKnownFileType = folder.assetcatalog; path = Assets.xcassets; sourceTree = "<group>"; };
		ED2B92671BF72FC200375BCC /* Base */ = {isa = PBXFileReference; lastKnownFileType = file.storyboard; name = Base; path = Base.lproj/LaunchScreen.storyboard; sourceTree = "<group>"; };
		ED2B92691BF72FC200375BCC /* Info.plist */ = {isa = PBXFileReference; lastKnownFileType = text.plist.xml; path = Info.plist; sourceTree = "<group>"; };
/* End PBXFileReference section */

/* Begin PBXFrameworksBuildPhase section */
		ED2B92571BF72FC200375BCC /* Frameworks */ = {
			isa = PBXFrameworksBuildPhase;
			buildActionMask = 2147483647;
			files = (
			);
			runOnlyForDeploymentPostprocessing = 0;
		};
/* End PBXFrameworksBuildPhase section */

/* Begin PBXGroup section */
		ED2B92511BF72FC200375BCC = {
			isa = PBXGroup;
			children = (
				ED2B925C1BF72FC200375BCC /* Trump */,
				ED2B925B1BF72FC200375BCC /* Products */,
			);
			sourceTree = "<group>";
		};
		ED2B925B1BF72FC200375BCC /* Products */ = {
			isa = PBXGroup;
			children = (
				ED2B925A1BF72FC200375BCC /* Trump.app */,
			);
			name = Products;
			sourceTree = "<group>";
		};
		ED2B925C1BF72FC200375BCC /* Trump */ = {
			isa = PBXGroup;
			children = (
				ED2B925D1BF72FC200375BCC /* AppDelegate.swift */,
				ED2B925F1BF72FC200375BCC /* ViewController.swift */,
				ED2B92611BF72FC200375BCC /* Main.storyboard */,
				ED2B92641BF72FC200375BCC /* Assets.xcassets */,
				ED2B92661BF72FC200375BCC /* LaunchScreen.storyboard */,
				ED2B92691BF72FC200375BCC /* Info.plist */,
			);
			path = Trump;
			sourceTree = "<group>";
		};
/* End PBXGroup section */

/* Begin PBXNativeTarget section */
		ED2B92591BF72FC200375BCC /* Trump */ = {
			isa = PBXNativeTarget;
			buildConfigurationList = ED2B926C1BF72FC200375BCC /* Build configuration list for PBXNativeTarget "Trump" */;
			buildPhases = (
				ED2B92561BF72FC200375BCC /* Sources */,
				ED2B92571BF72FC200375BCC /* Frameworks */,
				ED2B92581BF72FC200375BCC /* Resources */,
			);
			buildRules = (
			);
			dependencies = (
			);
			name = Trump;
			productName = Trump;
			productReference = ED2B925A1BF72FC200375BCC /* Trump.app */;
			productType = "com.apple.product-type.application";
		};
/* End PBXNativeTarget section */

/* Begin PBXProject section */
		ED2B92521BF72FC200375BCC /* Project object */ = {
			isa = PBXProject;
			attributes = {
				LastSwiftUpdateCheck = 0710;
				LastUpgradeCheck = 0710;
				ORGANIZATIONNAME = colehudson;
				TargetAttributes = {
					ED2B92591BF72FC200375BCC = {
						CreatedOnToolsVersion = 7.1.1;
					};
				};
			};
			buildConfigurationList = ED2B92551BF72FC200375BCC /* Build configuration list for PBXProject "Trump" */;
			compatibilityVersion = "Xcode 3.2";
			developmentRegion = English;
			hasScannedForEncodings = 0;
			knownRegions = (
				en,
				Base,
			);
			mainGroup = ED2B92511BF72FC200375BCC;
			productRefGroup = ED2B925B1BF72FC200375BCC /* Products */;
			projectDirPath = "";
			projectRoot = "";
			targets = (
				ED2B92591BF72FC200375BCC /* Trump */,
			);
		};
/* End PBXProject section */

/* Begin PBXResourcesBuildPhase section */
		ED2B92581BF72FC200375BCC /* Resources */ = {
			isa = PBXResourcesBuildPhase;
			buildActionMask = 2147483647;
			files = (
				ED2B92681BF72FC200375BCC /* LaunchScreen.storyboard in Resources */,
				ED2B92651BF72FC200375BCC /* Assets.xcassets in Resources */,
				ED2B92631BF72FC200375BCC /* Main.storyboard in Resources */,
			);
			runOnlyForDeploymentPostprocessing = 0;
		};
/* End PBXResourcesBuildPhase section */

/* Begin PBXSourcesBuildPhase section */
		ED2B92561BF72FC200375BCC /* Sources */ = {
			isa = PBXSourcesBuildPhase;
			buildActionMask = 2147483647;
			files = (
				ED2B92601BF72FC200375BCC /* ViewController.swift in Sources */,
				ED2B925E1BF72FC200375BCC /* AppDelegate.swift in Sources */,
			);
			runOnlyForDeploymentPostprocessing = 0;
		};
/* End PBXSourcesBuildPhase section */

/* Begin PBXVariantGroup section */
		ED2B92611BF72FC200375BCC /* Main.storyboard */ = {
			isa = PBXVariantGroup;
			children = (
				ED2B92621BF72FC200375BCC /* Base */,
			);
			name = Main.storyboard;
			sourceTree = "<group>";
		};
		ED2B92661BF72FC200375BCC /* LaunchScreen.storyboard */ = {
			isa = PBXVariantGroup;
			children = (
				ED2B92671BF72FC200375BCC /* Base */,
			);
			name = LaunchScreen.storyboard;
			sourceTree = "<group>";
		};
/* End PBXVariantGroup section */

/* Begin XCBuildConfiguration section */
		ED2B926A1BF72FC200375BCC /* Debug */ = {
			isa = XCBuildConfiguration;
			buildSettings = {
				ALWAYS_SEARCH_USER_PATHS = NO;
				CLANG_CXX_LANGUAGE_STANDARD = "gnu++0x";
				CLANG_CXX_LIBRARY = "libc++";
				CLANG_ENABLE_MODULES = YES;
				CLANG_ENABLE_OBJC_ARC = YES;
				CLANG_WARN_BOOL_CONVERSION = YES;
				CLANG_WARN_CONSTANT_CONVERSION = YES;
				CLANG_WARN_DIRECT_OBJC_ISA_USAGE = YES_ERROR;
				CLANG_WARN_EMPTY_BODY = YES;
				CLANG_WARN_ENUM_CONVERSION = YES;
				CLANG_WARN_INT_CONVERSION = YES;
				CLANG_WARN_OBJC_ROOT_CLASS = YES_ERROR;
				CLANG_WARN_UNREACHABLE_CODE = YES;
				CLANG_WARN__DUPLICATE_METHOD_MATCH = YES;
				"CODE_SIGN_IDENTITY[sdk=iphoneos*]" = "iPhone Developer";
				COPY_PHASE_STRIP = NO;
				DEBUG_INFORMATION_FORMAT = dwarf;
				ENABLE_STRICT_OBJC_MSGSEND = YES;
				ENABLE_TESTABILITY = YES;
				GCC_C_LANGUAGE_STANDARD = gnu99;
				GCC_DYNAMIC_NO_PIC = NO;
				GCC_NO_COMMON_BLOCKS = YES;
				GCC_OPTIMIZATION_LEVEL = 0;
				GCC_PREPROCESSOR_DEFINITIONS = (
					"DEBUG=1",
					"$(inherited)",
				);
				GCC_WARN_64_TO_32_BIT_CONVERSION = YES;
				GCC_WARN_ABOUT_RETURN_TYPE = YES_ERROR;
				GCC_WARN_UNDECLARED_SELECTOR = YES;
				GCC_WARN_UNINITIALIZED_AUTOS = YES_AGGRESSIVE;
				GCC_WARN_UNUSED_FUNCTION = YES;
				GCC_WARN_UNUSED_VARIABLE = YES;
				IPHONEOS_DEPLOYMENT_TARGET = 9.1;
				MTL_ENABLE_DEBUG_INFO = YES;
				ONLY_ACTIVE_ARCH = YES;
				SDKROOT = iphoneos;
				SWIFT_OPTIMIZATION_LEVEL = "-Onone";
				TARGETED_DEVICE_FAMILY = "1,2";
			};
			name = Debug;
		};
		ED2B926B1BF72FC200375BCC /* Release */ = {
			isa = XCBuildConfiguration;
			buildSettings = {
				ALWAYS_SEARCH_USER_PATHS = NO;
				CLANG_CXX_LANGUAGE_STANDARD = "gnu++0x";
				CLANG_CXX_LIBRARY = "libc++";
				CLANG_ENABLE_MODULES = YES;
				CLANG_ENABLE_OBJC_ARC = YES;
				CLANG_WARN_BOOL_CONVERSION = YES;
				CLANG_WARN_CONSTANT_CONVERSION = YES;
				CLANG_WARN_DIRECT_OBJC_ISA_USAGE = YES_ERROR;
				CLANG_WARN_EMPTY_BODY = YES;
				CLANG_WARN_ENUM_CONVERSION = YES;
				CLANG_WARN_INT_CONVERSION = YES;
				CLANG_WARN_OBJC_ROOT_CLASS = YES_ERROR;
				CLANG_WARN_UNREACHABLE_CODE = YES;
				CLANG_WARN__DUPLICATE_METHOD_MATCH = YES;
				"CODE_SIGN_IDENTITY[sdk=iphoneos*]" = "iPhone Developer";
				COPY_PHASE_STRIP = NO;
				DEBUG_INFORMATION_FORMAT = "dwarf-with-dsym";
				ENABLE_NS_ASSERTIONS = NO;
				ENABLE_STRICT_OBJC_MSGSEND = YES;
				GCC_C_LANGUAGE_STANDARD = gnu99;
				GCC_NO_COMMON_BLOCKS = YES;
				GCC_WARN_64_TO_32_BIT_CONVERSION = YES;
				GCC_WARN_ABOUT_RETURN_TYPE = YES_ERROR;
				GCC_WARN_UNDECLARED_SELECTOR = YES;
				GCC_WARN_UNINITIALIZED_AUTOS = YES_AGGRESSIVE;
				GCC_WARN_UNUSED_FUNCTION = YES;
				GCC_WARN_UNUSED_VARIABLE = YES;
				IPHONEOS_DEPLOYMENT_TARGET = 9.1;
				MTL_ENABLE_DEBUG_INFO = NO;
				SDKROOT = iphoneos;
				TARGETED_DEVICE_FAMILY = "1,2";
				VALIDATE_PRODUCT = YES;
			};
			name = Release;
		};
		ED2B926D1BF72FC200375BCC /* Debug */ = {
			isa = XCBuildConfiguration;
			buildSettings = {
				ASSETCATALOG_COMPILER_APPICON_NAME = AppIcon;
				INFOPLIST_FILE = Trump/Info.plist;
				LD_RUNPATH_SEARCH_PATHS = "$(inherited) @executable_path/Frameworks";
				PRODUCT_BUNDLE_IDENTIFIER = com.colehudson.Trump;
				PRODUCT_NAME = "$(TARGET_NAME)";
			};
			name = Debug;
		};
		ED2B926E1BF72FC200375BCC /* Release */ = {
			isa = XCBuildConfiguration;
			buildSettings = {
				ASSETCATALOG_COMPILER_APPICON_NAME = AppIcon;
				INFOPLIST_FILE = Trump/Info.plist;
				LD_RUNPATH_SEARCH_PATHS = "$(inherited) @executable_path/Frameworks";
				PRODUCT_BUNDLE_IDENTIFIER = com.colehudson.Trump;
				PRODUCT_NAME = "$(TARGET_NAME)";
			};
			name = Release;
		};
/* End XCBuildConfiguration section */

/* Begin XCConfigurationList section */
		ED2B92551BF72FC200375BCC /* Build configuration list for PBXProject "Trump" */ = {
			isa = XCConfigurationList;
			buildConfigurations = (
				ED2B926A1BF72FC200375BCC /* Debug */,
				ED2B926B1BF72FC200375BCC /* Release */,
			);
			defaultConfigurationIsVisible = 0;
			defaultConfigurationName = Release;
		};
		ED2B926C1BF72FC200375BCC /* Build configuration list for PBXNativeTarget "Trump" */ = {
			isa = XCConfigurationList;
			buildConfigurations = (
				ED2B926D1BF72FC200375BCC /* Debug */,
				ED2B926E1BF72FC200375BCC /* Release */,
			);
			defaultConfigurationIsVisible = 0;
		};
/* End XCConfigurationList section */
	};
	rootObject = ED2B92521BF72FC200375BCC /* Project object */;
}
